// !$*UTF8*$!
{
	archiveVersion = 1;
	classes = {
	};
	objectVersion = 77;
	objects = {

/* Begin PBXContainerItemProxy section */
		ACC4D9132DAB01DC00451F97 /* PBXContainerItemProxy */ = {
			isa = PBXContainerItemProxy;
			containerPortal = ACC4D8F42DAB01D900451F97 /* Project object */;
			proxyType = 1;
			remoteGlobalIDString = ACC4D8FB2DAB01D900451F97;
			remoteInfo = CircleGame;
		};
		ACC4D91D2DAB01DC00451F97 /* PBXContainerItemProxy */ = {
			isa = PBXContainerItemProxy;
			containerPortal = ACC4D8F42DAB01D900451F97 /* Project object */;
			proxyType = 1;
			remoteGlobalIDString = ACC4D8FB2DAB01D900451F97;
			remoteInfo = CircleGame;
		};
/* End PBXContainerItemProxy section */

/* Begin PBXFileReference section */
		ACC4D8FC2DAB01D900451F97 /* CircleGame.app */ = {isa = PBXFileReference; explicitFileType = wrapper.application; includeInIndex = 0; path = CircleGame.app; sourceTree = BUILT_PRODUCTS_DIR; };
		ACC4D9122DAB01DC00451F97 /* CircleGameTests.xctest */ = {isa = PBXFileReference; explicitFileType = wrapper.cfbundle; includeInIndex = 0; path = CircleGameTests.xctest; sourceTree = BUILT_PRODUCTS_DIR; };
		ACC4D91C2DAB01DC00451F97 /* CircleGameUITests.xctest */ = {isa = PBXFileReference; explicitFileType = wrapper.cfbundle; includeInIndex = 0; path = CircleGameUITests.xctest; sourceTree = BUILT_PRODUCTS_DIR; };
/* End PBXFileReference section */

/* Begin PBXFileSystemSynchronizedBuildFileExceptionSet section */
		ACC4D9242DAB01DC00451F97 /* Exceptions for "CircleGame" folder in "CircleGame" target */ = {
			isa = PBXFileSystemSynchronizedBuildFileExceptionSet;
			membershipExceptions = (
				Info.plist,
			);
			target = ACC4D8FB2DAB01D900451F97 /* CircleGame */;
		};
/* End PBXFileSystemSynchronizedBuildFileExceptionSet section */

/* Begin PBXFileSystemSynchronizedRootGroup section */
		ACC4D8FE2DAB01D900451F97 /* CircleGame */ = {
			isa = PBXFileSystemSynchronizedRootGroup;
			exceptions = (
				ACC4D9242DAB01DC00451F97 /* Exceptions for "CircleGame" folder in "CircleGame" target */,
			);
			path = CircleGame;
			sourceTree = "<group>";
		};
		ACC4D9152DAB01DC00451F97 /* CircleGameTests */ = {
			isa = PBXFileSystemSynchronizedRootGroup;
			path = CircleGameTests;
			sourceTree = "<group>";
		};
		ACC4D91F2DAB01DC00451F97 /* CircleGameUITests */ = {
			isa = PBXFileSystemSynchronizedRootGroup;
			path = CircleGameUITests;
			sourceTree = "<group>";
		};
/* End PBXFileSystemSynchronizedRootGroup section */

/* Begin PBXFrameworksBuildPhase section */
		ACC4D8F92DAB01D900451F97 /* Frameworks */ = {
			isa = PBXFrameworksBuildPhase;
			buildActionMask = 2147483647;
			files = (
			);
			runOnlyForDeploymentPostprocessing = 0;
		};
		ACC4D90F2DAB01DC00451F97 /* Frameworks */ = {
			isa = PBXFrameworksBuildPhase;
			buildActionMask = 2147483647;
			files = (
			);
			runOnlyForDeploymentPostprocessing = 0;
		};
		ACC4D9192DAB01DC00451F97 /* Frameworks */ = {
			isa = PBXFrameworksBuildPhase;
			buildActionMask = 2147483647;
			files = (
			);
			runOnlyForDeploymentPostprocessing = 0;
		};
/* End PBXFrameworksBuildPhase section */

/* Begin PBXGroup section */
		ACC4D8F32DAB01D900451F97 = {
			isa = PBXGroup;
			children = (
				ACC4D8FE2DAB01D900451F97 /* CircleGame */,
				ACC4D9152DAB01DC00451F97 /* CircleGameTests */,
				ACC4D91F2DAB01DC00451F97 /* CircleGameUITests */,
				ACC4D8FD2DAB01D900451F97 /* Products */,
			);
			sourceTree = "<group>";
		};
		ACC4D8FD2DAB01D900451F97 /* Products */ = {
			isa = PBXGroup;
			children = (
				ACC4D8FC2DAB01D900451F97 /* CircleGame.app */,
				ACC4D9122DAB01DC00451F97 /* CircleGameTests.xctest */,
				ACC4D91C2DAB01DC00451F97 /* CircleGameUITests.xctest */,
			);
			name = Products;
			sourceTree = "<group>";
		};
/* End PBXGroup section */

/* Begin PBXNativeTarget section */
		ACC4D8FB2DAB01D900451F97 /* CircleGame */ = {
			isa = PBXNativeTarget;
			buildConfigurationList = ACC4D9252DAB01DC00451F97 /* Build configuration list for PBXNativeTarget "CircleGame" */;
			buildPhases = (
				ACC4D8F82DAB01D900451F97 /* Sources */,
				ACC4D8F92DAB01D900451F97 /* Frameworks */,
				ACC4D8FA2DAB01D900451F97 /* Resources */,
			);
			buildRules = (
			);
			dependencies = (
			);
			fileSystemSynchronizedGroups = (
				ACC4D8FE2DAB01D900451F97 /* CircleGame */,
			);
			name = CircleGame;
			packageProductDependencies = (
			);
			productName = CircleGame;
			productReference = ACC4D8FC2DAB01D900451F97 /* CircleGame.app */;
			productType = "com.apple.product-type.application";
		};
		ACC4D9112DAB01DC00451F97 /* CircleGameTests */ = {
			isa = PBXNativeTarget;
			buildConfigurationList = ACC4D92A2DAB01DC00451F97 /* Build configuration list for PBXNativeTarget "CircleGameTests" */;
			buildPhases = (
				ACC4D90E2DAB01DC00451F97 /* Sources */,
				ACC4D90F2DAB01DC00451F97 /* Frameworks */,
				ACC4D9102DAB01DC00451F97 /* Resources */,
			);
			buildRules = (
			);
			dependencies = (
				ACC4D9142DAB01DC00451F97 /* PBXTargetDependency */,
			);
			fileSystemSynchronizedGroups = (
				ACC4D9152DAB01DC00451F97 /* CircleGameTests */,
			);
			name = CircleGameTests;
			packageProductDependencies = (
			);
			productName = CircleGameTests;
			productReference = ACC4D9122DAB01DC00451F97 /* CircleGameTests.xctest */;
			productType = "com.apple.product-type.bundle.unit-test";
		};
		ACC4D91B2DAB01DC00451F97 /* CircleGameUITests */ = {
			isa = PBXNativeTarget;
			buildConfigurationList = ACC4D92D2DAB01DC00451F97 /* Build configuration list for PBXNativeTarget "CircleGameUITests" */;
			buildPhases = (
				ACC4D9182DAB01DC00451F97 /* Sources */,
				ACC4D9192DAB01DC00451F97 /* Frameworks */,
				ACC4D91A2DAB01DC00451F97 /* Resources */,
			);
			buildRules = (
			);
			dependencies = (
				ACC4D91E2DAB01DC00451F97 /* PBXTargetDependency */,
			);
			fileSystemSynchronizedGroups = (
				ACC4D91F2DAB01DC00451F97 /* CircleGameUITests */,
			);
			name = CircleGameUITests;
			packageProductDependencies = (
			);
			productName = CircleGameUITests;
			productReference = ACC4D91C2DAB01DC00451F97 /* CircleGameUITests.xctest */;
			productType = "com.apple.product-type.bundle.ui-testing";
		};
/* End PBXNativeTarget section */

/* Begin PBXProject section */
		ACC4D8F42DAB01D900451F97 /* Project object */ = {
			isa = PBXProject;
			attributes = {
				BuildIndependentTargetsInParallel = 1;
				LastSwiftUpdateCheck = 1620;
				LastUpgradeCheck = 1620;
				TargetAttributes = {
					ACC4D8FB2DAB01D900451F97 = {
						CreatedOnToolsVersion = 16.2;
					};
					ACC4D9112DAB01DC00451F97 = {
						CreatedOnToolsVersion = 16.2;
						TestTargetID = ACC4D8FB2DAB01D900451F97;
					};
					ACC4D91B2DAB01DC00451F97 = {
						CreatedOnToolsVersion = 16.2;
						TestTargetID = ACC4D8FB2DAB01D900451F97;
					};
				};
			};
			buildConfigurationList = ACC4D8F72DAB01D900451F97 /* Build configuration list for PBXProject "CircleGame" */;
			developmentRegion = en;
			hasScannedForEncodings = 0;
			knownRegions = (
				en,
				Base,
			);
			mainGroup = ACC4D8F32DAB01D900451F97;
			minimizedProjectReferenceProxies = 1;
			preferredProjectObjectVersion = 77;
			productRefGroup = ACC4D8FD2DAB01D900451F97 /* Products */;
			projectDirPath = "";
			projectRoot = "";
			targets = (
				ACC4D8FB2DAB01D900451F97 /* CircleGame */,
				ACC4D9112DAB01DC00451F97 /* CircleGameTests */,
				ACC4D91B2DAB01DC00451F97 /* CircleGameUITests */,
			);
		};
/* End PBXProject section */

/* Begin PBXResourcesBuildPhase section */
		ACC4D8FA2DAB01D900451F97 /* Resources */ = {
			isa = PBXResourcesBuildPhase;
			buildActionMask = 2147483647;
			files = (
			);
			runOnlyForDeploymentPostprocessing = 0;
		};
		ACC4D9102DAB01DC00451F97 /* Resources */ = {
			isa = PBXResourcesBuildPhase;
			buildActionMask = 2147483647;
			files = (
			);
			runOnlyForDeploymentPostprocessing = 0;
		};
		ACC4D91A2DAB01DC00451F97 /* Resources */ = {
			isa = PBXResourcesBuildPhase;
			buildActionMask = 2147483647;
			files = (
			);
			runOnlyForDeploymentPostprocessing = 0;
		};
/* End PBXResourcesBuildPhase section */

/* Begin PBXSourcesBuildPhase section */
		ACC4D8F82DAB01D900451F97 /* Sources */ = {
			isa = PBXSourcesBuildPhase;
			buildActionMask = 2147483647;
			files = (
			);
			runOnlyForDeploymentPostprocessing = 0;
		};
		ACC4D90E2DAB01DC00451F97 /* Sources */ = {
			isa = PBXSourcesBuildPhase;
			buildActionMask = 2147483647;
			files = (
			);
			runOnlyForDeploymentPostprocessing = 0;
		};
		ACC4D9182DAB01DC00451F97 /* Sources */ = {
			isa = PBXSourcesBuildPhase;
			buildActionMask = 2147483647;
			files = (
			);
			runOnlyForDeploymentPostprocessing = 0;
		};
/* End PBXSourcesBuildPhase section */

/* Begin PBXTargetDependency section */
		ACC4D9142DAB01DC00451F97 /* PBXTargetDependency */ = {
			isa = PBXTargetDependency;
			target = ACC4D8FB2DAB01D900451F97 /* CircleGame */;
			targetProxy = ACC4D9132DAB01DC00451F97 /* PBXContainerItemProxy */;
		};
		ACC4D91E2DAB01DC00451F97 /* PBXTargetDependency */ = {
			isa = PBXTargetDependency;
			target = ACC4D8FB2DAB01D900451F97 /* CircleGame */;
			targetProxy = ACC4D91D2DAB01DC00451F97 /* PBXContainerItemProxy */;
		};
/* End PBXTargetDependency section */

/* Begin XCBuildConfiguration section */
		ACC4D9262DAB01DC00451F97 /* Debug */ = {
			isa = XCBuildConfiguration;
			buildSettings = {
				ASSETCATALOG_COMPILER_APPICON_NAME = AppIcon;
				ASSETCATALOG_COMPILER_GLOBAL_ACCENT_COLOR_NAME = AccentColor;
				CODE_SIGN_STYLE = Automatic;
				CURRENT_PROJECT_VERSION = 1;
				DEVELOPMENT_TEAM = 4GKP5H4D3P;
				GENERATE_INFOPLIST_FILE = YES;
				INFOPLIST_FILE = CircleGame/Info.plist;
				INFOPLIST_KEY_UIApplicationSupportsIndirectInputEvents = YES;
				INFOPLIST_KEY_UILaunchStoryboardName = LaunchScreen;
				INFOPLIST_KEY_UIMainStoryboardFile = Main;
				INFOPLIST_KEY_UISupportedInterfaceOrientations_iPad = "UIInterfaceOrientationPortrait UIInterfaceOrientationPortraitUpsideDown UIInterfaceOrientationLandscapeLeft UIInterfaceOrientationLandscapeRight";
				INFOPLIST_KEY_UISupportedInterfaceOrientations_iPhone = "UIInterfaceOrientationPortrait UIInterfaceOrientationLandscapeLeft UIInterfaceOrientationLandscapeRight";
				LD_RUNPATH_SEARCH_PATHS = (
					"$(inherited)",
					"@executable_path/Frameworks",
				);
				MARKETING_VERSION = 1.0;
				PRODUCT_BUNDLE_IDENTIFIER = ru.KGP.CircleGame;
				PRODUCT_NAME = "$(TARGET_NAME)";
				SWIFT_EMIT_LOC_STRINGS = YES;
				SWIFT_VERSION = 5.0;
				TARGETED_DEVICE_FAMILY = "1,2";
			};
			name = Debug;
		};
		ACC4D9272DAB01DC00451F97 /* Release */ = {
			isa = XCBuildConfiguration;
			buildSettings = {
				ASSETCATALOG_COMPILER_APPICON_NAME = AppIcon;
				ASSETCATALOG_COMPILER_GLOBAL_ACCENT_COLOR_NAME = AccentColor;
				CODE_SIGN_STYLE = Automatic;
				CURRENT_PROJECT_VERSION = 1;
				DEVELOPMENT_TEAM = 4GKP5H4D3P;
				GENERATE_INFOPLIST_FILE = YES;
				INFOPLIST_FILE = CircleGame/Info.plist;
				INFOPLIST_KEY_UIApplicationSupportsIndirectInputEvents = YES;
				INFOPLIST_KEY_UILaunchStoryboardName = LaunchScreen;
				INFOPLIST_KEY_UIMainStoryboardFile = Main;
				INFOPLIST_KEY_UISupportedInterfaceOrientations_iPad = "UIInterfaceOrientationPortrait UIInterfaceOrientationPortraitUpsideDown UIInterfaceOrientationLandscapeLeft UIInterfaceOrientationLandscapeRight";
				INFOPLIST_KEY_UISupportedInterfaceOrientations_iPhone = "UIInterfaceOrientationPortrait UIInterfaceOrientationLandscapeLeft UIInterfaceOrientationLandscapeRight";
				LD_RUNPATH_SEARCH_PATHS = (
					"$(inherited)",
					"@executable_path/Frameworks",
				);
				MARKETING_VERSION = 1.0;
				PRODUCT_BUNDLE_IDENTIFIER = ru.KGP.CircleGame;
				PRODUCT_NAME = "$(TARGET_NAME)";
				SWIFT_EMIT_LOC_STRINGS = YES;
				SWIFT_VERSION = 5.0;
				TARGETED_DEVICE_FAMILY = "1,2";
			};
			name = Release;
		};
		ACC4D9282DAB01DC00451F97 /* Debug */ = {
			isa = XCBuildConfiguration;
			buildSettings = {
				ALWAYS_SEARCH_USER_PATHS = NO;
				ASSETCATALOG_COMPILER_GENERATE_SWIFT_ASSET_SYMBOL_EXTENSIONS = YES;
				CLANG_ANALYZER_NONNULL = YES;
				CLANG_ANALYZER_NUMBER_OBJECT_CONVERSION = YES_AGGRESSIVE;
				CLANG_CXX_LANGUAGE_STANDARD = "gnu++20";
				CLANG_ENABLE_MODULES = YES;
				CLANG_ENABLE_OBJC_ARC = YES;
				CLANG_ENABLE_OBJC_WEAK = YES;
				CLANG_WARN_BLOCK_CAPTURE_AUTORELEASING = YES;
				CLANG_WARN_BOOL_CONVERSION = YES;
				CLANG_WARN_COMMA = YES;
				CLANG_WARN_CONSTANT_CONVERSION = YES;
				CLANG_WARN_DEPRECATED_OBJC_IMPLEMENTATIONS = YES;
				CLANG_WARN_DIRECT_OBJC_ISA_USAGE = YES_ERROR;
				CLANG_WARN_DOCUMENTATION_COMMENTS = YES;
				CLANG_WARN_EMPTY_BODY = YES;
				CLANG_WARN_ENUM_CONVERSION = YES;
				CLANG_WARN_INFINITE_RECURSION = YES;
				CLANG_WARN_INT_CONVERSION = YES;
				CLANG_WARN_NON_LITERAL_NULL_CONVERSION = YES;
				CLANG_WARN_OBJC_IMPLICIT_RETAIN_SELF = YES;
				CLANG_WARN_OBJC_LITERAL_CONVERSION = YES;
				CLANG_WARN_OBJC_ROOT_CLASS = YES_ERROR;
				CLANG_WARN_QUOTED_INCLUDE_IN_FRAMEWORK_HEADER = YES;
				CLANG_WARN_RANGE_LOOP_ANALYSIS = YES;
				CLANG_WARN_STRICT_PROTOTYPES = YES;
				CLANG_WARN_SUSPICIOUS_MOVE = YES;
				CLANG_WARN_UNGUARDED_AVAILABILITY = YES_AGGRESSIVE;
				CLANG_WARN_UNREACHABLE_CODE = YES;
				CLANG_WARN__DUPLICATE_METHOD_MATCH = YES;
				COPY_PHASE_STRIP = NO;
				DEBUG_INFORMATION_FORMAT = dwarf;
				ENABLE_STRICT_OBJC_MSGSEND = YES;
				ENABLE_TESTABILITY = YES;
				ENABLE_USER_SCRIPT_SANDBOXING = YES;
				GCC_C_LANGUAGE_STANDARD = gnu17;
				GCC_DYNAMIC_NO_PIC = NO;
				GCC_NO_COMMON_BLOCKS = YES;
				GCC_OPTIMIZATION_LEVEL = 0;
				GCC_PREPROCESSOR_DEFINITIONS = (
					"DEBUG=1",
					"$(inherited)",
				);
				GCC_WARN_64_TO_32_BIT_CONVERSION = YES;
				GCC_WARN_ABOUT_RETURN_TYPE = YES_ERROR;
				GCC_WARN_UNDECLARED_SELECTOR = YES;
				GCC_WARN_UNINITIALIZED_AUTOS = YES_AGGRESSIVE;
				GCC_WARN_UNUSED_FUNCTION = YES;
				GCC_WARN_UNUSED_VARIABLE = YES;
				IPHONEOS_DEPLOYMENT_TARGET = 18.2;
				LOCALIZATION_PREFERS_STRING_CATALOGS = YES;
				MTL_ENABLE_DEBUG_INFO = INCLUDE_SOURCE;
				MTL_FAST_MATH = YES;
				ONLY_ACTIVE_ARCH = YES;
				SDKROOT = iphoneos;
				SWIFT_ACTIVE_COMPILATION_CONDITIONS = "DEBUG $(inherited)";
				SWIFT_OPTIMIZATION_LEVEL = "-Onone";
			};
			name = Debug;
		};
		ACC4D9292DAB01DC00451F97 /* Release */ = {
			isa = XCBuildConfiguration;
			buildSettings = {
				ALWAYS_SEARCH_USER_PATHS = NO;
				ASSETCATALOG_COMPILER_GENERATE_SWIFT_ASSET_SYMBOL_EXTENSIONS = YES;
				CLANG_ANALYZER_NONNULL = YES;
				CLANG_ANALYZER_NUMBER_OBJECT_CONVERSION = YES_AGGRESSIVE;
				CLANG_CXX_LANGUAGE_STANDARD = "gnu++20";
				CLANG_ENABLE_MODULES = YES;
				CLANG_ENABLE_OBJC_ARC = YES;
				CLANG_ENABLE_OBJC_WEAK = YES;
				CLANG_WARN_BLOCK_CAPTURE_AUTORELEASING = YES;
				CLANG_WARN_BOOL_CONVERSION = YES;
				CLANG_WARN_COMMA = YES;
				CLANG_WARN_CONSTANT_CONVERSION = YES;
				CLANG_WARN_DEPRECATED_OBJC_IMPLEMENTATIONS = YES;
				CLANG_WARN_DIRECT_OBJC_ISA_USAGE = YES_ERROR;
				CLANG_WARN_DOCUMENTATION_COMMENTS = YES;
				CLANG_WARN_EMPTY_BODY = YES;
				CLANG_WARN_ENUM_CONVERSION = YES;
				CLANG_WARN_INFINITE_RECURSION = YES;
				CLANG_WARN_INT_CONVERSION = YES;
				CLANG_WARN_NON_LITERAL_NULL_CONVERSION = YES;
				CLANG_WARN_OBJC_IMPLICIT_RETAIN_SELF = YES;
				CLANG_WARN_OBJC_LITERAL_CONVERSION = YES;
				CLANG_WARN_OBJC_ROOT_CLASS = YES_ERROR;
				CLANG_WARN_QUOTED_INCLUDE_IN_FRAMEWORK_HEADER = YES;
				CLANG_WARN_RANGE_LOOP_ANALYSIS = YES;
				CLANG_WARN_STRICT_PROTOTYPES = YES;
				CLANG_WARN_SUSPICIOUS_MOVE = YES;
				CLANG_WARN_UNGUARDED_AVAILABILITY = YES_AGGRESSIVE;
				CLANG_WARN_UNREACHABLE_CODE = YES;
				CLANG_WARN__DUPLICATE_METHOD_MATCH = YES;
				COPY_PHASE_STRIP = NO;
				DEBUG_INFORMATION_FORMAT = "dwarf-with-dsym";
				ENABLE_NS_ASSERTIONS = NO;
				ENABLE_STRICT_OBJC_MSGSEND = YES;
				ENABLE_USER_SCRIPT_SANDBOXING = YES;
				GCC_C_LANGUAGE_STANDARD = gnu17;
				GCC_NO_COMMON_BLOCKS = YES;
				GCC_WARN_64_TO_32_BIT_CONVERSION = YES;
				GCC_WARN_ABOUT_RETURN_TYPE = YES_ERROR;
				GCC_WARN_UNDECLARED_SELECTOR = YES;
				GCC_WARN_UNINITIALIZED_AUTOS = YES_AGGRESSIVE;
				GCC_WARN_UNUSED_FUNCTION = YES;
				GCC_WARN_UNUSED_VARIABLE = YES;
				IPHONEOS_DEPLOYMENT_TARGET = 18.2;
				LOCALIZATION_PREFERS_STRING_CATALOGS = YES;
				MTL_ENABLE_DEBUG_INFO = NO;
				MTL_FAST_MATH = YES;
				SDKROOT = iphoneos;
				SWIFT_COMPILATION_MODE = wholemodule;
				VALIDATE_PRODUCT = YES;
			};
			name = Release;
		};
		ACC4D92B2DAB01DC00451F97 /* Debug */ = {
			isa = XCBuildConfiguration;
			buildSettings = {
				BUNDLE_LOADER = "$(TEST_HOST)";
				CODE_SIGN_STYLE = Automatic;
				CURRENT_PROJECT_VERSION = 1;
				DEVELOPMENT_TEAM = 4GKP5H4D3P;
				GENERATE_INFOPLIST_FILE = YES;
				IPHONEOS_DEPLOYMENT_TARGET = 18.2;
				MARKETING_VERSION = 1.0;
				PRODUCT_BUNDLE_IDENTIFIER = ru.KGP.CircleGameTests;
				PRODUCT_NAME = "$(TARGET_NAME)";
				SWIFT_EMIT_LOC_STRINGS = NO;
				SWIFT_VERSION = 5.0;
				TARGETED_DEVICE_FAMILY = "1,2";
				TEST_HOST = "$(BUILT_PRODUCTS_DIR)/CircleGame.app/$(BUNDLE_EXECUTABLE_FOLDER_PATH)/CircleGame";
			};
			name = Debug;
		};
		ACC4D92C2DAB01DC00451F97 /* Release */ = {
			isa = XCBuildConfiguration;
			buildSettings = {
				BUNDLE_LOADER = "$(TEST_HOST)";
				CODE_SIGN_STYLE = Automatic;
				CURRENT_PROJECT_VERSION = 1;
				DEVELOPMENT_TEAM = 4GKP5H4D3P;
				GENERATE_INFOPLIST_FILE = YES;
				IPHONEOS_DEPLOYMENT_TARGET = 18.2;
				MARKETING_VERSION = 1.0;
				PRODUCT_BUNDLE_IDENTIFIER = ru.KGP.CircleGameTests;
				PRODUCT_NAME = "$(TARGET_NAME)";
				SWIFT_EMIT_LOC_STRINGS = NO;
				SWIFT_VERSION = 5.0;
				TARGETED_DEVICE_FAMILY = "1,2";
				TEST_HOST = "$(BUILT_PRODUCTS_DIR)/CircleGame.app/$(BUNDLE_EXECUTABLE_FOLDER_PATH)/CircleGame";
			};
			name = Release;
		};
		ACC4D92E2DAB01DC00451F97 /* Debug */ = {
			isa = XCBuildConfiguration;
			buildSettings = {
				CODE_SIGN_STYLE = Automatic;
				CURRENT_PROJECT_VERSION = 1;
				DEVELOPMENT_TEAM = 4GKP5H4D3P;
				GENERATE_INFOPLIST_FILE = YES;
				MARKETING_VERSION = 1.0;
				PRODUCT_BUNDLE_IDENTIFIER = ru.KGP.CircleGameUITests;
				PRODUCT_NAME = "$(TARGET_NAME)";
				SWIFT_EMIT_LOC_STRINGS = NO;
				SWIFT_VERSION = 5.0;
				TARGETED_DEVICE_FAMILY = "1,2";
				TEST_TARGET_NAME = CircleGame;
			};
			name = Debug;
		};
		ACC4D92F2DAB01DC00451F97 /* Release */ = {
			isa = XCBuildConfiguration;
			buildSettings = {
				CODE_SIGN_STYLE = Automatic;
				CURRENT_PROJECT_VERSION = 1;
				DEVELOPMENT_TEAM = 4GKP5H4D3P;
				GENERATE_INFOPLIST_FILE = YES;
				MARKETING_VERSION = 1.0;
				PRODUCT_BUNDLE_IDENTIFIER = ru.KGP.CircleGameUITests;
				PRODUCT_NAME = "$(TARGET_NAME)";
				SWIFT_EMIT_LOC_STRINGS = NO;
				SWIFT_VERSION = 5.0;
				TARGETED_DEVICE_FAMILY = "1,2";
				TEST_TARGET_NAME = CircleGame;
			};
			name = Release;
		};
/* End XCBuildConfiguration section */

/* Begin XCConfigurationList section */
		ACC4D8F72DAB01D900451F97 /* Build configuration list for PBXProject "CircleGame" */ = {
			isa = XCConfigurationList;
			buildConfigurations = (
				ACC4D9282DAB01DC00451F97 /* Debug */,
				ACC4D9292DAB01DC00451F97 /* Release */,
			);
			defaultConfigurationIsVisible = 0;
			defaultConfigurationName = Release;
		};
		ACC4D9252DAB01DC00451F97 /* Build configuration list for PBXNativeTarget "CircleGame" */ = {
			isa = XCConfigurationList;
			buildConfigurations = (
				ACC4D9262DAB01DC00451F97 /* Debug */,
				ACC4D9272DAB01DC00451F97 /* Release */,
			);
			defaultConfigurationIsVisible = 0;
			defaultConfigurationName = Release;
		};
		ACC4D92A2DAB01DC00451F97 /* Build configuration list for PBXNativeTarget "CircleGameTests" */ = {
			isa = XCConfigurationList;
			buildConfigurations = (
				ACC4D92B2DAB01DC00451F97 /* Debug */,
				ACC4D92C2DAB01DC00451F97 /* Release */,
			);
			defaultConfigurationIsVisible = 0;
			defaultConfigurationName = Release;
		};
		ACC4D92D2DAB01DC00451F97 /* Build configuration list for PBXNativeTarget "CircleGameUITests" */ = {
			isa = XCConfigurationList;
			buildConfigurations = (
				ACC4D92E2DAB01DC00451F97 /* Debug */,
				ACC4D92F2DAB01DC00451F97 /* Release */,
			);
			defaultConfigurationIsVisible = 0;
			defaultConfigurationName = Release;
		};
/* End XCConfigurationList section */
	};
	rootObject = ACC4D8F42DAB01D900451F97 /* Project object */;
}
