// !$*UTF8*$!
{
	archiveVersion = 1;
	classes = {
	};
	objectVersion = 77;
	objects = {

/* Begin PBXContainerItemProxy section */
		AC367C3C2DBEBEF400B6B063 /* PBXContainerItemProxy */ = {
			isa = PBXContainerItemProxy;
			containerPortal = AC367C1D2DBEBEF200B6B063 /* Project object */;
			proxyType = 1;
			remoteGlobalIDString = AC367C242DBEBEF200B6B063;
			remoteInfo = ToDoList1;
		};
		AC367C462DBEBEF400B6B063 /* PBXContainerItemProxy */ = {
			isa = PBXContainerItemProxy;
			containerPortal = AC367C1D2DBEBEF200B6B063 /* Project object */;
			proxyType = 1;
			remoteGlobalIDString = AC367C242DBEBEF200B6B063;
			remoteInfo = ToDoList1;
		};
/* End PBXContainerItemProxy section */

/* Begin PBXFileReference section */
		AC367C252DBEBEF200B6B063 /* ToDoList1.app */ = {isa = PBXFileReference; explicitFileType = wrapper.application; includeInIndex = 0; path = ToDoList1.app; sourceTree = BUILT_PRODUCTS_DIR; };
		AC367C3B2DBEBEF400B6B063 /* ToDoList1Tests.xctest */ = {isa = PBXFileReference; explicitFileType = wrapper.cfbundle; includeInIndex = 0; path = ToDoList1Tests.xctest; sourceTree = BUILT_PRODUCTS_DIR; };
		AC367C452DBEBEF400B6B063 /* ToDoList1UITests.xctest */ = {isa = PBXFileReference; explicitFileType = wrapper.cfbundle; includeInIndex = 0; path = ToDoList1UITests.xctest; sourceTree = BUILT_PRODUCTS_DIR; };
/* End PBXFileReference section */

/* Begin PBXFileSystemSynchronizedBuildFileExceptionSet section */
		AC367C4D2DBEBEF400B6B063 /* Exceptions for "ToDoList1" folder in "ToDoList1" target */ = {
			isa = PBXFileSystemSynchronizedBuildFileExceptionSet;
			membershipExceptions = (
				Info.plist,
			);
			target = AC367C242DBEBEF200B6B063 /* ToDoList1 */;
		};
/* End PBXFileSystemSynchronizedBuildFileExceptionSet section */

/* Begin PBXFileSystemSynchronizedRootGroup section */
		AC367C272DBEBEF200B6B063 /* ToDoList1 */ = {
			isa = PBXFileSystemSynchronizedRootGroup;
			exceptions = (
				AC367C4D2DBEBEF400B6B063 /* Exceptions for "ToDoList1" folder in "ToDoList1" target */,
			);
			path = ToDoList1;
			sourceTree = "<group>";
		};
		AC367C3E2DBEBEF400B6B063 /* ToDoList1Tests */ = {
			isa = PBXFileSystemSynchronizedRootGroup;
			path = ToDoList1Tests;
			sourceTree = "<group>";
		};
		AC367C482DBEBEF400B6B063 /* ToDoList1UITests */ = {
			isa = PBXFileSystemSynchronizedRootGroup;
			path = ToDoList1UITests;
			sourceTree = "<group>";
		};
/* End PBXFileSystemSynchronizedRootGroup section */

/* Begin PBXFrameworksBuildPhase section */
		AC367C222DBEBEF200B6B063 /* Frameworks */ = {
			isa = PBXFrameworksBuildPhase;
			buildActionMask = 2147483647;
			files = (
			);
			runOnlyForDeploymentPostprocessing = 0;
		};
		AC367C382DBEBEF400B6B063 /* Frameworks */ = {
			isa = PBXFrameworksBuildPhase;
			buildActionMask = 2147483647;
			files = (
			);
			runOnlyForDeploymentPostprocessing = 0;
		};
		AC367C422DBEBEF400B6B063 /* Frameworks */ = {
			isa = PBXFrameworksBuildPhase;
			buildActionMask = 2147483647;
			files = (
			);
			runOnlyForDeploymentPostprocessing = 0;
		};
/* End PBXFrameworksBuildPhase section */

/* Begin PBXGroup section */
		AC367C1C2DBEBEF200B6B063 = {
			isa = PBXGroup;
			children = (
				AC367C272DBEBEF200B6B063 /* ToDoList1 */,
				AC367C3E2DBEBEF400B6B063 /* ToDoList1Tests */,
				AC367C482DBEBEF400B6B063 /* ToDoList1UITests */,
				AC367C262DBEBEF200B6B063 /* Products */,
			);
			sourceTree = "<group>";
		};
		AC367C262DBEBEF200B6B063 /* Products */ = {
			isa = PBXGroup;
			children = (
				AC367C252DBEBEF200B6B063 /* ToDoList1.app */,
				AC367C3B2DBEBEF400B6B063 /* ToDoList1Tests.xctest */,
				AC367C452DBEBEF400B6B063 /* ToDoList1UITests.xctest */,
			);
			name = Products;
			sourceTree = "<group>";
		};
/* End PBXGroup section */

/* Begin PBXNativeTarget section */
		AC367C242DBEBEF200B6B063 /* ToDoList1 */ = {
			isa = PBXNativeTarget;
			buildConfigurationList = AC367C4E2DBEBEF400B6B063 /* Build configuration list for PBXNativeTarget "ToDoList1" */;
			buildPhases = (
				AC367C212DBEBEF200B6B063 /* Sources */,
				AC367C222DBEBEF200B6B063 /* Frameworks */,
				AC367C232DBEBEF200B6B063 /* Resources */,
			);
			buildRules = (
			);
			dependencies = (
			);
			fileSystemSynchronizedGroups = (
				AC367C272DBEBEF200B6B063 /* ToDoList1 */,
			);
			name = ToDoList1;
			packageProductDependencies = (
			);
			productName = ToDoList1;
			productReference = AC367C252DBEBEF200B6B063 /* ToDoList1.app */;
			productType = "com.apple.product-type.application";
		};
		AC367C3A2DBEBEF400B6B063 /* ToDoList1Tests */ = {
			isa = PBXNativeTarget;
			buildConfigurationList = AC367C532DBEBEF400B6B063 /* Build configuration list for PBXNativeTarget "ToDoList1Tests" */;
			buildPhases = (
				AC367C372DBEBEF400B6B063 /* Sources */,
				AC367C382DBEBEF400B6B063 /* Frameworks */,
				AC367C392DBEBEF400B6B063 /* Resources */,
			);
			buildRules = (
			);
			dependencies = (
				AC367C3D2DBEBEF400B6B063 /* PBXTargetDependency */,
			);
			fileSystemSynchronizedGroups = (
				AC367C3E2DBEBEF400B6B063 /* ToDoList1Tests */,
			);
			name = ToDoList1Tests;
			packageProductDependencies = (
			);
			productName = ToDoList1Tests;
			productReference = AC367C3B2DBEBEF400B6B063 /* ToDoList1Tests.xctest */;
			productType = "com.apple.product-type.bundle.unit-test";
		};
		AC367C442DBEBEF400B6B063 /* ToDoList1UITests */ = {
			isa = PBXNativeTarget;
			buildConfigurationList = AC367C562DBEBEF400B6B063 /* Build configuration list for PBXNativeTarget "ToDoList1UITests" */;
			buildPhases = (
				AC367C412DBEBEF400B6B063 /* Sources */,
				AC367C422DBEBEF400B6B063 /* Frameworks */,
				AC367C432DBEBEF400B6B063 /* Resources */,
			);
			buildRules = (
			);
			dependencies = (
				AC367C472DBEBEF400B6B063 /* PBXTargetDependency */,
			);
			fileSystemSynchronizedGroups = (
				AC367C482DBEBEF400B6B063 /* ToDoList1UITests */,
			);
			name = ToDoList1UITests;
			packageProductDependencies = (
			);
			productName = ToDoList1UITests;
			productReference = AC367C452DBEBEF400B6B063 /* ToDoList1UITests.xctest */;
			productType = "com.apple.product-type.bundle.ui-testing";
		};
/* End PBXNativeTarget section */

/* Begin PBXProject section */
		AC367C1D2DBEBEF200B6B063 /* Project object */ = {
			isa = PBXProject;
			attributes = {
				BuildIndependentTargetsInParallel = 1;
				LastSwiftUpdateCheck = 1620;
				LastUpgradeCheck = 1620;
				TargetAttributes = {
					AC367C242DBEBEF200B6B063 = {
						CreatedOnToolsVersion = 16.2;
					};
					AC367C3A2DBEBEF400B6B063 = {
						CreatedOnToolsVersion = 16.2;
						TestTargetID = AC367C242DBEBEF200B6B063;
					};
					AC367C442DBEBEF400B6B063 = {
						CreatedOnToolsVersion = 16.2;
						TestTargetID = AC367C242DBEBEF200B6B063;
					};
				};
			};
			buildConfigurationList = AC367C202DBEBEF200B6B063 /* Build configuration list for PBXProject "ToDoList1" */;
			developmentRegion = en;
			hasScannedForEncodings = 0;
			knownRegions = (
				en,
				Base,
			);
			mainGroup = AC367C1C2DBEBEF200B6B063;
			minimizedProjectReferenceProxies = 1;
			preferredProjectObjectVersion = 77;
			productRefGroup = AC367C262DBEBEF200B6B063 /* Products */;
			projectDirPath = "";
			projectRoot = "";
			targets = (
				AC367C242DBEBEF200B6B063 /* ToDoList1 */,
				AC367C3A2DBEBEF400B6B063 /* ToDoList1Tests */,
				AC367C442DBEBEF400B6B063 /* ToDoList1UITests */,
			);
		};
/* End PBXProject section */

/* Begin PBXResourcesBuildPhase section */
		AC367C232DBEBEF200B6B063 /* Resources */ = {
			isa = PBXResourcesBuildPhase;
			buildActionMask = 2147483647;
			files = (
			);
			runOnlyForDeploymentPostprocessing = 0;
		};
		AC367C392DBEBEF400B6B063 /* Resources */ = {
			isa = PBXResourcesBuildPhase;
			buildActionMask = 2147483647;
			files = (
			);
			runOnlyForDeploymentPostprocessing = 0;
		};
		AC367C432DBEBEF400B6B063 /* Resources */ = {
			isa = PBXResourcesBuildPhase;
			buildActionMask = 2147483647;
			files = (
			);
			runOnlyForDeploymentPostprocessing = 0;
		};
/* End PBXResourcesBuildPhase section */

/* Begin PBXSourcesBuildPhase section */
		AC367C212DBEBEF200B6B063 /* Sources */ = {
			isa = PBXSourcesBuildPhase;
			buildActionMask = 2147483647;
			files = (
			);
			runOnlyForDeploymentPostprocessing = 0;
		};
		AC367C372DBEBEF400B6B063 /* Sources */ = {
			isa = PBXSourcesBuildPhase;
			buildActionMask = 2147483647;
			files = (
			);
			runOnlyForDeploymentPostprocessing = 0;
		};
		AC367C412DBEBEF400B6B063 /* Sources */ = {
			isa = PBXSourcesBuildPhase;
			buildActionMask = 2147483647;
			files = (
			);
			runOnlyForDeploymentPostprocessing = 0;
		};
/* End PBXSourcesBuildPhase section */

/* Begin PBXTargetDependency section */
		AC367C3D2DBEBEF400B6B063 /* PBXTargetDependency */ = {
			isa = PBXTargetDependency;
			target = AC367C242DBEBEF200B6B063 /* ToDoList1 */;
			targetProxy = AC367C3C2DBEBEF400B6B063 /* PBXContainerItemProxy */;
		};
		AC367C472DBEBEF400B6B063 /* PBXTargetDependency */ = {
			isa = PBXTargetDependency;
			target = AC367C242DBEBEF200B6B063 /* ToDoList1 */;
			targetProxy = AC367C462DBEBEF400B6B063 /* PBXContainerItemProxy */;
		};
/* End PBXTargetDependency section */

/* Begin XCBuildConfiguration section */
		AC367C4F2DBEBEF400B6B063 /* Debug */ = {
			isa = XCBuildConfiguration;
			buildSettings = {
				ASSETCATALOG_COMPILER_APPICON_NAME = AppIcon;
				ASSETCATALOG_COMPILER_GLOBAL_ACCENT_COLOR_NAME = AccentColor;
				CODE_SIGN_STYLE = Automatic;
				CURRENT_PROJECT_VERSION = 1;
				DEVELOPMENT_TEAM = 4GKP5H4D3P;
				GENERATE_INFOPLIST_FILE = YES;
				INFOPLIST_FILE = ToDoList1/Info.plist;
				INFOPLIST_KEY_UIApplicationSupportsIndirectInputEvents = YES;
				INFOPLIST_KEY_UILaunchStoryboardName = LaunchScreen;
				INFOPLIST_KEY_UIMainStoryboardFile = Main;
				INFOPLIST_KEY_UISupportedInterfaceOrientations_iPad = "UIInterfaceOrientationPortrait UIInterfaceOrientationPortraitUpsideDown UIInterfaceOrientationLandscapeLeft UIInterfaceOrientationLandscapeRight";
				INFOPLIST_KEY_UISupportedInterfaceOrientations_iPhone = "UIInterfaceOrientationPortrait UIInterfaceOrientationLandscapeLeft UIInterfaceOrientationLandscapeRight";
				LD_RUNPATH_SEARCH_PATHS = (
					"$(inherited)",
					"@executable_path/Frameworks",
				);
				MARKETING_VERSION = 1.0;
				PRODUCT_BUNDLE_IDENTIFIER = ru.KGP.ToDoList1;
				PRODUCT_NAME = "$(TARGET_NAME)";
				SWIFT_EMIT_LOC_STRINGS = YES;
				SWIFT_VERSION = 5.0;
				TARGETED_DEVICE_FAMILY = "1,2";
			};
			name = Debug;
		};
		AC367C502DBEBEF400B6B063 /* Release */ = {
			isa = XCBuildConfiguration;
			buildSettings = {
				ASSETCATALOG_COMPILER_APPICON_NAME = AppIcon;
				ASSETCATALOG_COMPILER_GLOBAL_ACCENT_COLOR_NAME = AccentColor;
				CODE_SIGN_STYLE = Automatic;
				CURRENT_PROJECT_VERSION = 1;
				DEVELOPMENT_TEAM = 4GKP5H4D3P;
				GENERATE_INFOPLIST_FILE = YES;
				INFOPLIST_FILE = ToDoList1/Info.plist;
				INFOPLIST_KEY_UIApplicationSupportsIndirectInputEvents = YES;
				INFOPLIST_KEY_UILaunchStoryboardName = LaunchScreen;
				INFOPLIST_KEY_UIMainStoryboardFile = Main;
				INFOPLIST_KEY_UISupportedInterfaceOrientations_iPad = "UIInterfaceOrientationPortrait UIInterfaceOrientationPortraitUpsideDown UIInterfaceOrientationLandscapeLeft UIInterfaceOrientationLandscapeRight";
				INFOPLIST_KEY_UISupportedInterfaceOrientations_iPhone = "UIInterfaceOrientationPortrait UIInterfaceOrientationLandscapeLeft UIInterfaceOrientationLandscapeRight";
				LD_RUNPATH_SEARCH_PATHS = (
					"$(inherited)",
					"@executable_path/Frameworks",
				);
				MARKETING_VERSION = 1.0;
				PRODUCT_BUNDLE_IDENTIFIER = ru.KGP.ToDoList1;
				PRODUCT_NAME = "$(TARGET_NAME)";
				SWIFT_EMIT_LOC_STRINGS = YES;
				SWIFT_VERSION = 5.0;
				TARGETED_DEVICE_FAMILY = "1,2";
			};
			name = Release;
		};
		AC367C512DBEBEF400B6B063 /* Debug */ = {
			isa = XCBuildConfiguration;
			buildSettings = {
				ALWAYS_SEARCH_USER_PATHS = NO;
				ASSETCATALOG_COMPILER_GENERATE_SWIFT_ASSET_SYMBOL_EXTENSIONS = YES;
				CLANG_ANALYZER_NONNULL = YES;
				CLANG_ANALYZER_NUMBER_OBJECT_CONVERSION = YES_AGGRESSIVE;
				CLANG_CXX_LANGUAGE_STANDARD = "gnu++20";
				CLANG_ENABLE_MODULES = YES;
				CLANG_ENABLE_OBJC_ARC = YES;
				CLANG_ENABLE_OBJC_WEAK = YES;
				CLANG_WARN_BLOCK_CAPTURE_AUTORELEASING = YES;
				CLANG_WARN_BOOL_CONVERSION = YES;
				CLANG_WARN_COMMA = YES;
				CLANG_WARN_CONSTANT_CONVERSION = YES;
				CLANG_WARN_DEPRECATED_OBJC_IMPLEMENTATIONS = YES;
				CLANG_WARN_DIRECT_OBJC_ISA_USAGE = YES_ERROR;
				CLANG_WARN_DOCUMENTATION_COMMENTS = YES;
				CLANG_WARN_EMPTY_BODY = YES;
				CLANG_WARN_ENUM_CONVERSION = YES;
				CLANG_WARN_INFINITE_RECURSION = YES;
				CLANG_WARN_INT_CONVERSION = YES;
				CLANG_WARN_NON_LITERAL_NULL_CONVERSION = YES;
				CLANG_WARN_OBJC_IMPLICIT_RETAIN_SELF = YES;
				CLANG_WARN_OBJC_LITERAL_CONVERSION = YES;
				CLANG_WARN_OBJC_ROOT_CLASS = YES_ERROR;
				CLANG_WARN_QUOTED_INCLUDE_IN_FRAMEWORK_HEADER = YES;
				CLANG_WARN_RANGE_LOOP_ANALYSIS = YES;
				CLANG_WARN_STRICT_PROTOTYPES = YES;
				CLANG_WARN_SUSPICIOUS_MOVE = YES;
				CLANG_WARN_UNGUARDED_AVAILABILITY = YES_AGGRESSIVE;
				CLANG_WARN_UNREACHABLE_CODE = YES;
				CLANG_WARN__DUPLICATE_METHOD_MATCH = YES;
				COPY_PHASE_STRIP = NO;
				DEBUG_INFORMATION_FORMAT = dwarf;
				ENABLE_STRICT_OBJC_MSGSEND = YES;
				ENABLE_TESTABILITY = YES;
				ENABLE_USER_SCRIPT_SANDBOXING = YES;
				GCC_C_LANGUAGE_STANDARD = gnu17;
				GCC_DYNAMIC_NO_PIC = NO;
				GCC_NO_COMMON_BLOCKS = YES;
				GCC_OPTIMIZATION_LEVEL = 0;
				GCC_PREPROCESSOR_DEFINITIONS = (
					"DEBUG=1",
					"$(inherited)",
				);
				GCC_WARN_64_TO_32_BIT_CONVERSION = YES;
				GCC_WARN_ABOUT_RETURN_TYPE = YES_ERROR;
				GCC_WARN_UNDECLARED_SELECTOR = YES;
				GCC_WARN_UNINITIALIZED_AUTOS = YES_AGGRESSIVE;
				GCC_WARN_UNUSED_FUNCTION = YES;
				GCC_WARN_UNUSED_VARIABLE = YES;
				IPHONEOS_DEPLOYMENT_TARGET = 18.2;
				LOCALIZATION_PREFERS_STRING_CATALOGS = YES;
				MTL_ENABLE_DEBUG_INFO = INCLUDE_SOURCE;
				MTL_FAST_MATH = YES;
				ONLY_ACTIVE_ARCH = YES;
				SDKROOT = iphoneos;
				SWIFT_ACTIVE_COMPILATION_CONDITIONS = "DEBUG $(inherited)";
				SWIFT_OPTIMIZATION_LEVEL = "-Onone";
			};
			name = Debug;
		};
		AC367C522DBEBEF400B6B063 /* Release */ = {
			isa = XCBuildConfiguration;
			buildSettings = {
				ALWAYS_SEARCH_USER_PATHS = NO;
				ASSETCATALOG_COMPILER_GENERATE_SWIFT_ASSET_SYMBOL_EXTENSIONS = YES;
				CLANG_ANALYZER_NONNULL = YES;
				CLANG_ANALYZER_NUMBER_OBJECT_CONVERSION = YES_AGGRESSIVE;
				CLANG_CXX_LANGUAGE_STANDARD = "gnu++20";
				CLANG_ENABLE_MODULES = YES;
				CLANG_ENABLE_OBJC_ARC = YES;
				CLANG_ENABLE_OBJC_WEAK = YES;
				CLANG_WARN_BLOCK_CAPTURE_AUTORELEASING = YES;
				CLANG_WARN_BOOL_CONVERSION = YES;
				CLANG_WARN_COMMA = YES;
				CLANG_WARN_CONSTANT_CONVERSION = YES;
				CLANG_WARN_DEPRECATED_OBJC_IMPLEMENTATIONS = YES;
				CLANG_WARN_DIRECT_OBJC_ISA_USAGE = YES_ERROR;
				CLANG_WARN_DOCUMENTATION_COMMENTS = YES;
				CLANG_WARN_EMPTY_BODY = YES;
				CLANG_WARN_ENUM_CONVERSION = YES;
				CLANG_WARN_INFINITE_RECURSION = YES;
				CLANG_WARN_INT_CONVERSION = YES;
				CLANG_WARN_NON_LITERAL_NULL_CONVERSION = YES;
				CLANG_WARN_OBJC_IMPLICIT_RETAIN_SELF = YES;
				CLANG_WARN_OBJC_LITERAL_CONVERSION = YES;
				CLANG_WARN_OBJC_ROOT_CLASS = YES_ERROR;
				CLANG_WARN_QUOTED_INCLUDE_IN_FRAMEWORK_HEADER = YES;
				CLANG_WARN_RANGE_LOOP_ANALYSIS = YES;
				CLANG_WARN_STRICT_PROTOTYPES = YES;
				CLANG_WARN_SUSPICIOUS_MOVE = YES;
				CLANG_WARN_UNGUARDED_AVAILABILITY = YES_AGGRESSIVE;
				CLANG_WARN_UNREACHABLE_CODE = YES;
				CLANG_WARN__DUPLICATE_METHOD_MATCH = YES;
				COPY_PHASE_STRIP = NO;
				DEBUG_INFORMATION_FORMAT = "dwarf-with-dsym";
				ENABLE_NS_ASSERTIONS = NO;
				ENABLE_STRICT_OBJC_MSGSEND = YES;
				ENABLE_USER_SCRIPT_SANDBOXING = YES;
				GCC_C_LANGUAGE_STANDARD = gnu17;
				GCC_NO_COMMON_BLOCKS = YES;
				GCC_WARN_64_TO_32_BIT_CONVERSION = YES;
				GCC_WARN_ABOUT_RETURN_TYPE = YES_ERROR;
				GCC_WARN_UNDECLARED_SELECTOR = YES;
				GCC_WARN_UNINITIALIZED_AUTOS = YES_AGGRESSIVE;
				GCC_WARN_UNUSED_FUNCTION = YES;
				GCC_WARN_UNUSED_VARIABLE = YES;
				IPHONEOS_DEPLOYMENT_TARGET = 18.2;
				LOCALIZATION_PREFERS_STRING_CATALOGS = YES;
				MTL_ENABLE_DEBUG_INFO = NO;
				MTL_FAST_MATH = YES;
				SDKROOT = iphoneos;
				SWIFT_COMPILATION_MODE = wholemodule;
				VALIDATE_PRODUCT = YES;
			};
			name = Release;
		};
		AC367C542DBEBEF400B6B063 /* Debug */ = {
			isa = XCBuildConfiguration;
			buildSettings = {
				BUNDLE_LOADER = "$(TEST_HOST)";
				CODE_SIGN_STYLE = Automatic;
				CURRENT_PROJECT_VERSION = 1;
				DEVELOPMENT_TEAM = 4GKP5H4D3P;
				GENERATE_INFOPLIST_FILE = YES;
				IPHONEOS_DEPLOYMENT_TARGET = 18.2;
				MARKETING_VERSION = 1.0;
				PRODUCT_BUNDLE_IDENTIFIER = ru.KGP.ToDoList1Tests;
				PRODUCT_NAME = "$(TARGET_NAME)";
				SWIFT_EMIT_LOC_STRINGS = NO;
				SWIFT_VERSION = 5.0;
				TARGETED_DEVICE_FAMILY = "1,2";
				TEST_HOST = "$(BUILT_PRODUCTS_DIR)/ToDoList1.app/$(BUNDLE_EXECUTABLE_FOLDER_PATH)/ToDoList1";
			};
			name = Debug;
		};
		AC367C552DBEBEF400B6B063 /* Release */ = {
			isa = XCBuildConfiguration;
			buildSettings = {
				BUNDLE_LOADER = "$(TEST_HOST)";
				CODE_SIGN_STYLE = Automatic;
				CURRENT_PROJECT_VERSION = 1;
				DEVELOPMENT_TEAM = 4GKP5H4D3P;
				GENERATE_INFOPLIST_FILE = YES;
				IPHONEOS_DEPLOYMENT_TARGET = 18.2;
				MARKETING_VERSION = 1.0;
				PRODUCT_BUNDLE_IDENTIFIER = ru.KGP.ToDoList1Tests;
				PRODUCT_NAME = "$(TARGET_NAME)";
				SWIFT_EMIT_LOC_STRINGS = NO;
				SWIFT_VERSION = 5.0;
				TARGETED_DEVICE_FAMILY = "1,2";
				TEST_HOST = "$(BUILT_PRODUCTS_DIR)/ToDoList1.app/$(BUNDLE_EXECUTABLE_FOLDER_PATH)/ToDoList1";
			};
			name = Release;
		};
		AC367C572DBEBEF400B6B063 /* Debug */ = {
			isa = XCBuildConfiguration;
			buildSettings = {
				CODE_SIGN_STYLE = Automatic;
				CURRENT_PROJECT_VERSION = 1;
				DEVELOPMENT_TEAM = 4GKP5H4D3P;
				GENERATE_INFOPLIST_FILE = YES;
				MARKETING_VERSION = 1.0;
				PRODUCT_BUNDLE_IDENTIFIER = ru.KGP.ToDoList1UITests;
				PRODUCT_NAME = "$(TARGET_NAME)";
				SWIFT_EMIT_LOC_STRINGS = NO;
				SWIFT_VERSION = 5.0;
				TARGETED_DEVICE_FAMILY = "1,2";
				TEST_TARGET_NAME = ToDoList1;
			};
			name = Debug;
		};
		AC367C582DBEBEF400B6B063 /* Release */ = {
			isa = XCBuildConfiguration;
			buildSettings = {
				CODE_SIGN_STYLE = Automatic;
				CURRENT_PROJECT_VERSION = 1;
				DEVELOPMENT_TEAM = 4GKP5H4D3P;
				GENERATE_INFOPLIST_FILE = YES;
				MARKETING_VERSION = 1.0;
				PRODUCT_BUNDLE_IDENTIFIER = ru.KGP.ToDoList1UITests;
				PRODUCT_NAME = "$(TARGET_NAME)";
				SWIFT_EMIT_LOC_STRINGS = NO;
				SWIFT_VERSION = 5.0;
				TARGETED_DEVICE_FAMILY = "1,2";
				TEST_TARGET_NAME = ToDoList1;
			};
			name = Release;
		};
/* End XCBuildConfiguration section */

/* Begin XCConfigurationList section */
		AC367C202DBEBEF200B6B063 /* Build configuration list for PBXProject "ToDoList1" */ = {
			isa = XCConfigurationList;
			buildConfigurations = (
				AC367C512DBEBEF400B6B063 /* Debug */,
				AC367C522DBEBEF400B6B063 /* Release */,
			);
			defaultConfigurationIsVisible = 0;
			defaultConfigurationName = Release;
		};
		AC367C4E2DBEBEF400B6B063 /* Build configuration list for PBXNativeTarget "ToDoList1" */ = {
			isa = XCConfigurationList;
			buildConfigurations = (
				AC367C4F2DBEBEF400B6B063 /* Debug */,
				AC367C502DBEBEF400B6B063 /* Release */,
			);
			defaultConfigurationIsVisible = 0;
			defaultConfigurationName = Release;
		};
		AC367C532DBEBEF400B6B063 /* Build configuration list for PBXNativeTarget "ToDoList1Tests" */ = {
			isa = XCConfigurationList;
			buildConfigurations = (
				AC367C542DBEBEF400B6B063 /* Debug */,
				AC367C552DBEBEF400B6B063 /* Release */,
			);
			defaultConfigurationIsVisible = 0;
			defaultConfigurationName = Release;
		};
		AC367C562DBEBEF400B6B063 /* Build configuration list for PBXNativeTarget "ToDoList1UITests" */ = {
			isa = XCConfigurationList;
			buildConfigurations = (
				AC367C572DBEBEF400B6B063 /* Debug */,
				AC367C582DBEBEF400B6B063 /* Release */,
			);
			defaultConfigurationIsVisible = 0;
			defaultConfigurationName = Release;
		};
/* End XCConfigurationList section */
	};
	rootObject = AC367C1D2DBEBEF200B6B063 /* Project object */;
}
